
Microsoft Visual Studio Solution File, Format Version 12.00
# Visual Studio Version 17
VisualStudioVersion = 17.2.32616.157
MinimumVisualStudioVersion = 10.0.40219.1
Project("{FAE04EC0-301F-11D3-BF4B-00C04F79EFBC}") = "PicoApp", "PicoApp\PicoApp.csproj", "{D9FAAA36-8539-4C20-AF0F-5CF84CB2BD43}"
EndProject
Global
	GlobalSection(SolutionConfigurationPlatforms) = preSolution
		Debug|Any CPU = Debug|Any CPU
		Release|Any CPU = Release|Any CPU
	EndGlobalSection
	GlobalSection(ProjectConfigurationPlatforms) = postSolution
		{D9FAAA36-8539-4C20-AF0F-5CF84CB2BD43}.Debug|Any CPU.ActiveCfg = Debug|Any CPU
		{D9FAAA36-8539-4C20-AF0F-5CF84CB2BD43}.Debug|Any CPU.Build.0 = Debug|Any CPU
		{D9FAAA36-8539-4C20-AF0F-5CF84CB2BD43}.Release|Any CPU.ActiveCfg = Release|Any CPU
		{D9FAAA36-8539-4C20-AF0F-5CF84CB2BD43}.Release|Any CPU.Build.0 = Release|Any CPU
	EndGlobalSection
	GlobalSection(SolutionProperties) = preSolution
		HideSolutionNode = FALSE
	EndGlobalSection
	GlobalSection(ExtensibilityGlobals) = postSolution
		SolutionGuid = {C2D3AC51-4060-44F8-954E-04EF9C097D16}
	EndGlobalSection
EndGlobal
